
Microsoft Visual Studio Solution File, Format Version 12.00
# Visual Studio Version 16
VisualStudioVersion = 16.0.31911.196
MinimumVisualStudioVersion = 10.0.40219.1
Project("{9A19103F-16F7-4668-BE54-9A1E7A4F7556}") = "PSITranscom", "Transcom\PSITranscom.csproj", "{E43F398C-DC68-45AB-9CC4-3CCDBB17D3D1}"
EndProject
Project("{9A19103F-16F7-4668-BE54-9A1E7A4F7556}") = "PSITranscom.Tests", "PSITranscom.Tests\PSITranscom.Tests.csproj", "{52A1384C-347C-4BB2-963F-855059C4928F}"
EndProject
Global
	GlobalSection(SolutionConfigurationPlatforms) = preSolution
		Debug|Any CPU = Debug|Any CPU
		Release|Any CPU = Release|Any CPU
	EndGlobalSection
	GlobalSection(ProjectConfigurationPlatforms) = postSolution
		{E43F398C-DC68-45AB-9CC4-3CCDBB17D3D1}.Debug|Any CPU.ActiveCfg = Debug|Any CPU
		{E43F398C-DC68-45AB-9CC4-3CCDBB17D3D1}.Debug|Any CPU.Build.0 = Debug|Any CPU
		{E43F398C-DC68-45AB-9CC4-3CCDBB17D3D1}.Release|Any CPU.ActiveCfg = Release|Any CPU
		{E43F398C-DC68-45AB-9CC4-3CCDBB17D3D1}.Release|Any CPU.Build.0 = Release|Any CPU
		{52A1384C-347C-4BB2-963F-855059C4928F}.Debug|Any CPU.ActiveCfg = Debug|Any CPU
		{52A1384C-347C-4BB2-963F-855059C4928F}.Debug|Any CPU.Build.0 = Debug|Any CPU
		{52A1384C-347C-4BB2-963F-855059C4928F}.Release|Any CPU.ActiveCfg = Release|Any CPU
		{52A1384C-347C-4BB2-963F-855059C4928F}.Release|Any CPU.Build.0 = Release|Any CPU
	EndGlobalSection
	GlobalSection(SolutionProperties) = preSolution
		HideSolutionNode = FALSE
	EndGlobalSection
	GlobalSection(ExtensibilityGlobals) = postSolution
		SolutionGuid = {D3CAF45D-A7DA-41BE-BC93-9082C523620F}
	EndGlobalSection
EndGlobal
